
Microsoft Visual Studio Solution File, Format Version 12.00
# Visual Studio Version 17
VisualStudioVersion = 17.6.33829.357
MinimumVisualStudioVersion = 10.0.40219.1
Project("{FAE04EC0-301F-11D3-BF4B-00C04F79EFBC}") = "ProjectApp", "ProjectApp\ProjectApp.csproj", "{3D195B48-A824-4906-81EE-E1B46FC05DAD}"
EndProject
Global
	GlobalSection(SolutionConfigurationPlatforms) = preSolution
		Debug|Any CPU = Debug|Any CPU
		Release|Any CPU = Release|Any CPU
	EndGlobalSection
	GlobalSection(ProjectConfigurationPlatforms) = postSolution
		{3D195B48-A824-4906-81EE-E1B46FC05DAD}.Debug|Any CPU.ActiveCfg = Debug|Any CPU
		{3D195B48-A824-4906-81EE-E1B46FC05DAD}.Debug|Any CPU.Build.0 = Debug|Any CPU
		{3D195B48-A824-4906-81EE-E1B46FC05DAD}.Release|Any CPU.ActiveCfg = Release|Any CPU
		{3D195B48-A824-4906-81EE-E1B46FC05DAD}.Release|Any CPU.Build.0 = Release|Any CPU
	EndGlobalSection
	GlobalSection(SolutionProperties) = preSolution
		HideSolutionNode = FALSE
	EndGlobalSection
	GlobalSection(ExtensibilityGlobals) = postSolution
		SolutionGuid = {EFAC49FD-B7C3-44F4-8904-22BA1C0A8FFD}
	EndGlobalSection
EndGlobal
